
Microsoft Visual Studio Solution File, Format Version 12.00
# Visual Studio 15
VisualStudioVersion = 15.0.28307.779
MinimumVisualStudioVersion = 10.0.40219.1
Project("{FAE04EC0-301F-11D3-BF4B-00C04F79EFBC}") = "FSX@WarEasyMap", "FSX@WarEasyMap\FSX@WarEasyMap.csproj", "{8793E517-5EAF-4C36-889C-9E6DD1BF6146}"
EndProject
Global
	GlobalSection(SolutionConfigurationPlatforms) = preSolution
		Debug|Any CPU = Debug|Any CPU
		Release|Any CPU = Release|Any CPU
	EndGlobalSection
	GlobalSection(ProjectConfigurationPlatforms) = postSolution
		{8793E517-5EAF-4C36-889C-9E6DD1BF6146}.Debug|Any CPU.ActiveCfg = Debug|Any CPU
		{8793E517-5EAF-4C36-889C-9E6DD1BF6146}.Debug|Any CPU.Build.0 = Debug|Any CPU
		{8793E517-5EAF-4C36-889C-9E6DD1BF6146}.Release|Any CPU.ActiveCfg = Release|Any CPU
		{8793E517-5EAF-4C36-889C-9E6DD1BF6146}.Release|Any CPU.Build.0 = Release|Any CPU
	EndGlobalSection
	GlobalSection(SolutionProperties) = preSolution
		HideSolutionNode = FALSE
	EndGlobalSection
	GlobalSection(ExtensibilityGlobals) = postSolution
		SolutionGuid = {B2801B86-B5EF-4BDC-AE16-CDDDEA5BB643}
	EndGlobalSection
EndGlobal
